
Microsoft Visual Studio Solution File, Format Version 12.00
# Visual Studio 15
VisualStudioVersion = 15.0.27004.2009
MinimumVisualStudioVersion = 10.0.40219.1
Project("{FAE04EC0-301F-11D3-BF4B-00C04F79EFBC}") = "TriResultsCsvReader", "TriResultsCsvReader\TriResultsCsvReader.csproj", "{32A9A2A3-0BC6-4E14-A75D-ECF8BCEA6D3D}"
EndProject
Project("{FAE04EC0-301F-11D3-BF4B-00C04F79EFBC}") = "ResultsCsvReader.Test", "ResultsCsvReader.Test\ResultsCsvReader.Test.csproj", "{C4A74D9B-30A3-4F75-A66C-5BBE5BF55883}"
EndProject
Project("{FAE04EC0-301F-11D3-BF4B-00C04F79EFBC}") = "TriResultsConsole", "TriResultsConsole\TriResultsConsole.csproj", "{BE55AB2F-4878-4CC4-B4A3-EF81CE021A1E}"
EndProject
Project("{FAE04EC0-301F-11D3-BF4B-00C04F79EFBC}") = "TriResultsInputOutput", "TriResultsInputOutput\TriResultsInputOutput.csproj", "{3F873495-D4D8-44B5-8CE2-32E6FAE8C2E6}"
EndProject
Project("{FAE04EC0-301F-11D3-BF4B-00C04F79EFBC}") = "TriResultsForm", "TriResultsForm\TriResultsForm.csproj", "{E8285262-60D3-4857-9DD7-B89EDA12E9AB}"
EndProject
Global
	GlobalSection(SolutionConfigurationPlatforms) = preSolution
		Debug|Any CPU = Debug|Any CPU
		Release|Any CPU = Release|Any CPU
	EndGlobalSection
	GlobalSection(ProjectConfigurationPlatforms) = postSolution
		{32A9A2A3-0BC6-4E14-A75D-ECF8BCEA6D3D}.Debug|Any CPU.ActiveCfg = Debug|Any CPU
		{32A9A2A3-0BC6-4E14-A75D-ECF8BCEA6D3D}.Debug|Any CPU.Build.0 = Debug|Any CPU
		{32A9A2A3-0BC6-4E14-A75D-ECF8BCEA6D3D}.Release|Any CPU.ActiveCfg = Release|Any CPU
		{32A9A2A3-0BC6-4E14-A75D-ECF8BCEA6D3D}.Release|Any CPU.Build.0 = Release|Any CPU
		{C4A74D9B-30A3-4F75-A66C-5BBE5BF55883}.Debug|Any CPU.ActiveCfg = Debug|Any CPU
		{C4A74D9B-30A3-4F75-A66C-5BBE5BF55883}.Debug|Any CPU.Build.0 = Debug|Any CPU
		{C4A74D9B-30A3-4F75-A66C-5BBE5BF55883}.Release|Any CPU.ActiveCfg = Release|Any CPU
		{C4A74D9B-30A3-4F75-A66C-5BBE5BF55883}.Release|Any CPU.Build.0 = Release|Any CPU
		{BE55AB2F-4878-4CC4-B4A3-EF81CE021A1E}.Debug|Any CPU.ActiveCfg = Debug|Any CPU
		{BE55AB2F-4878-4CC4-B4A3-EF81CE021A1E}.Debug|Any CPU.Build.0 = Debug|Any CPU
		{BE55AB2F-4878-4CC4-B4A3-EF81CE021A1E}.Release|Any CPU.ActiveCfg = Release|Any CPU
		{BE55AB2F-4878-4CC4-B4A3-EF81CE021A1E}.Release|Any CPU.Build.0 = Release|Any CPU
		{3F873495-D4D8-44B5-8CE2-32E6FAE8C2E6}.Debug|Any CPU.ActiveCfg = Debug|Any CPU
		{3F873495-D4D8-44B5-8CE2-32E6FAE8C2E6}.Debug|Any CPU.Build.0 = Debug|Any CPU
		{3F873495-D4D8-44B5-8CE2-32E6FAE8C2E6}.Release|Any CPU.ActiveCfg = Release|Any CPU
		{3F873495-D4D8-44B5-8CE2-32E6FAE8C2E6}.Release|Any CPU.Build.0 = Release|Any CPU
		{E8285262-60D3-4857-9DD7-B89EDA12E9AB}.Debug|Any CPU.ActiveCfg = Debug|Any CPU
		{E8285262-60D3-4857-9DD7-B89EDA12E9AB}.Debug|Any CPU.Build.0 = Debug|Any CPU
		{E8285262-60D3-4857-9DD7-B89EDA12E9AB}.Release|Any CPU.ActiveCfg = Release|Any CPU
		{E8285262-60D3-4857-9DD7-B89EDA12E9AB}.Release|Any CPU.Build.0 = Release|Any CPU
	EndGlobalSection
	GlobalSection(SolutionProperties) = preSolution
		HideSolutionNode = FALSE
	EndGlobalSection
	GlobalSection(ExtensibilityGlobals) = postSolution
		SolutionGuid = {B6A885CD-2168-467F-995D-F3709DFAB475}
	EndGlobalSection
EndGlobal
