
Microsoft Visual Studio Solution File, Format Version 12.00
# Visual Studio 15
VisualStudioVersion = 15.0.27004.2009
MinimumVisualStudioVersion = 10.0.40219.1
Project("{FAE04EC0-301F-11D3-BF4B-00C04F79EFBC}") = "TriResultsGeneratorBL", "TriResultsCsvReader\TriResultsGeneratorBL.csproj", "{32A9A2A3-0BC6-4E14-A75D-ECF8BCEA6D3D}"
EndProject
Project("{FAE04EC0-301F-11D3-BF4B-00C04F79EFBC}") = "ResultsCsvReader.Test", "ResultsCsvReader.Test\ResultsCsvReader.Test.csproj", "{C4A74D9B-30A3-4F75-A66C-5BBE5BF55883}"
EndProject
Project("{FAE04EC0-301F-11D3-BF4B-00C04F79EFBC}") = "TriResultsConsole", "TriResultsConsole\TriResultsConsole.csproj", "{BE55AB2F-4878-4CC4-B4A3-EF81CE021A1E}"
EndProject
Project("{FAE04EC0-301F-11D3-BF4B-00C04F79EFBC}") = "TriResultsInputOutput", "TriResultsInputOutput\TriResultsInputOutput.csproj", "{3F873495-D4D8-44B5-8CE2-32E6FAE8C2E6}"
EndProject
Project("{FAE04EC0-301F-11D3-BF4B-00C04F79EFBC}") = "TriResultsForm", "TriResultsForm\TriResultsForm.csproj", "{E8285262-60D3-4857-9DD7-B89EDA12E9AB}"
EndProject
Project("{FAE04EC0-301F-11D3-BF4B-00C04F79EFBC}") = "UrlHtmlImplementations", "UrlResultsFetcher\UrlHtmlImplementations.csproj", "{A3289BD5-A2E8-4653-AF87-49C943535AD1}"
EndProject
Project("{2150E333-8FDC-42A3-9474-1A3956D46DE8}") = "3. ApplicationServices", "3. ApplicationServices", "{20F99427-10F6-434C-8473-253BE4F9B877}"
EndProject
Project("{FAE04EC0-301F-11D3-BF4B-00C04F79EFBC}") = "AppServiceInterfaces", "AppServiceInterfaces\AppServiceInterfaces.csproj", "{72D98940-4A4D-4FE5-A97C-69FB2C0E5A5F}"
EndProject
Project("{FAE04EC0-301F-11D3-BF4B-00C04F79EFBC}") = "CsvOutputWriter", "CsvOutputWriter\CsvOutputWriter.csproj", "{92781019-3F2B-405F-AA59-96DA502372D6}"
EndProject
Project("{2150E333-8FDC-42A3-9474-1A3956D46DE8}") = "1. DomainServices", "1. DomainServices", "{C52C6244-8826-4890-B920-1130C5CBC919}"
EndProject
Project("{2150E333-8FDC-42A3-9474-1A3956D46DE8}") = "4.UserInterfaces", "4.UserInterfaces", "{8DFDB77E-757C-4019-8A1A-CBDD26D1E864}"
EndProject
Project("{FAE04EC0-301F-11D3-BF4B-00C04F79EFBC}") = "FileAppServices", "FileAppServices\FileAppServices.csproj", "{89369C0E-E0A4-40E4-9117-496B1E32C269}"
EndProject
Project("{FAE04EC0-301F-11D3-BF4B-00C04F79EFBC}") = "TriResultsDomainServices", "TriResultsAppServices\TriResultsDomainServices.csproj", "{ED74B822-DD2A-4A3D-B964-0082A19F8071}"
EndProject
Project("{FAE04EC0-301F-11D3-BF4B-00C04F79EFBC}") = "ConfigReader", "ColumnsConfigReader\ConfigReader.csproj", "{696292EA-4039-4D26-9269-6DBA9618FD6D}"
EndProject
Global
	GlobalSection(SolutionConfigurationPlatforms) = preSolution
		Debug|Any CPU = Debug|Any CPU
		Release|Any CPU = Release|Any CPU
	EndGlobalSection
	GlobalSection(ProjectConfigurationPlatforms) = postSolution
		{32A9A2A3-0BC6-4E14-A75D-ECF8BCEA6D3D}.Debug|Any CPU.ActiveCfg = Debug|Any CPU
		{32A9A2A3-0BC6-4E14-A75D-ECF8BCEA6D3D}.Debug|Any CPU.Build.0 = Debug|Any CPU
		{32A9A2A3-0BC6-4E14-A75D-ECF8BCEA6D3D}.Release|Any CPU.ActiveCfg = Release|Any CPU
		{32A9A2A3-0BC6-4E14-A75D-ECF8BCEA6D3D}.Release|Any CPU.Build.0 = Release|Any CPU
		{C4A74D9B-30A3-4F75-A66C-5BBE5BF55883}.Debug|Any CPU.ActiveCfg = Debug|Any CPU
		{C4A74D9B-30A3-4F75-A66C-5BBE5BF55883}.Debug|Any CPU.Build.0 = Debug|Any CPU
		{C4A74D9B-30A3-4F75-A66C-5BBE5BF55883}.Release|Any CPU.ActiveCfg = Release|Any CPU
		{C4A74D9B-30A3-4F75-A66C-5BBE5BF55883}.Release|Any CPU.Build.0 = Release|Any CPU
		{BE55AB2F-4878-4CC4-B4A3-EF81CE021A1E}.Debug|Any CPU.ActiveCfg = Debug|Any CPU
		{BE55AB2F-4878-4CC4-B4A3-EF81CE021A1E}.Debug|Any CPU.Build.0 = Debug|Any CPU
		{BE55AB2F-4878-4CC4-B4A3-EF81CE021A1E}.Release|Any CPU.ActiveCfg = Release|Any CPU
		{BE55AB2F-4878-4CC4-B4A3-EF81CE021A1E}.Release|Any CPU.Build.0 = Release|Any CPU
		{3F873495-D4D8-44B5-8CE2-32E6FAE8C2E6}.Debug|Any CPU.ActiveCfg = Debug|Any CPU
		{3F873495-D4D8-44B5-8CE2-32E6FAE8C2E6}.Debug|Any CPU.Build.0 = Debug|Any CPU
		{3F873495-D4D8-44B5-8CE2-32E6FAE8C2E6}.Release|Any CPU.ActiveCfg = Release|Any CPU
		{3F873495-D4D8-44B5-8CE2-32E6FAE8C2E6}.Release|Any CPU.Build.0 = Release|Any CPU
		{E8285262-60D3-4857-9DD7-B89EDA12E9AB}.Debug|Any CPU.ActiveCfg = Debug|Any CPU
		{E8285262-60D3-4857-9DD7-B89EDA12E9AB}.Debug|Any CPU.Build.0 = Debug|Any CPU
		{E8285262-60D3-4857-9DD7-B89EDA12E9AB}.Release|Any CPU.ActiveCfg = Release|Any CPU
		{E8285262-60D3-4857-9DD7-B89EDA12E9AB}.Release|Any CPU.Build.0 = Release|Any CPU
		{A3289BD5-A2E8-4653-AF87-49C943535AD1}.Debug|Any CPU.ActiveCfg = Debug|Any CPU
		{A3289BD5-A2E8-4653-AF87-49C943535AD1}.Debug|Any CPU.Build.0 = Debug|Any CPU
		{A3289BD5-A2E8-4653-AF87-49C943535AD1}.Release|Any CPU.ActiveCfg = Release|Any CPU
		{A3289BD5-A2E8-4653-AF87-49C943535AD1}.Release|Any CPU.Build.0 = Release|Any CPU
		{72D98940-4A4D-4FE5-A97C-69FB2C0E5A5F}.Debug|Any CPU.ActiveCfg = Debug|Any CPU
		{72D98940-4A4D-4FE5-A97C-69FB2C0E5A5F}.Debug|Any CPU.Build.0 = Debug|Any CPU
		{72D98940-4A4D-4FE5-A97C-69FB2C0E5A5F}.Release|Any CPU.ActiveCfg = Release|Any CPU
		{72D98940-4A4D-4FE5-A97C-69FB2C0E5A5F}.Release|Any CPU.Build.0 = Release|Any CPU
		{92781019-3F2B-405F-AA59-96DA502372D6}.Debug|Any CPU.ActiveCfg = Debug|Any CPU
		{92781019-3F2B-405F-AA59-96DA502372D6}.Debug|Any CPU.Build.0 = Debug|Any CPU
		{92781019-3F2B-405F-AA59-96DA502372D6}.Release|Any CPU.ActiveCfg = Release|Any CPU
		{92781019-3F2B-405F-AA59-96DA502372D6}.Release|Any CPU.Build.0 = Release|Any CPU
		{89369C0E-E0A4-40E4-9117-496B1E32C269}.Debug|Any CPU.ActiveCfg = Debug|Any CPU
		{89369C0E-E0A4-40E4-9117-496B1E32C269}.Debug|Any CPU.Build.0 = Debug|Any CPU
		{89369C0E-E0A4-40E4-9117-496B1E32C269}.Release|Any CPU.ActiveCfg = Release|Any CPU
		{89369C0E-E0A4-40E4-9117-496B1E32C269}.Release|Any CPU.Build.0 = Release|Any CPU
		{ED74B822-DD2A-4A3D-B964-0082A19F8071}.Debug|Any CPU.ActiveCfg = Debug|Any CPU
		{ED74B822-DD2A-4A3D-B964-0082A19F8071}.Debug|Any CPU.Build.0 = Debug|Any CPU
		{ED74B822-DD2A-4A3D-B964-0082A19F8071}.Release|Any CPU.ActiveCfg = Release|Any CPU
		{ED74B822-DD2A-4A3D-B964-0082A19F8071}.Release|Any CPU.Build.0 = Release|Any CPU
		{696292EA-4039-4D26-9269-6DBA9618FD6D}.Debug|Any CPU.ActiveCfg = Debug|Any CPU
		{696292EA-4039-4D26-9269-6DBA9618FD6D}.Debug|Any CPU.Build.0 = Debug|Any CPU
		{696292EA-4039-4D26-9269-6DBA9618FD6D}.Release|Any CPU.ActiveCfg = Release|Any CPU
		{696292EA-4039-4D26-9269-6DBA9618FD6D}.Release|Any CPU.Build.0 = Release|Any CPU
	EndGlobalSection
	GlobalSection(SolutionProperties) = preSolution
		HideSolutionNode = FALSE
	EndGlobalSection
	GlobalSection(NestedProjects) = preSolution
		{32A9A2A3-0BC6-4E14-A75D-ECF8BCEA6D3D} = {C52C6244-8826-4890-B920-1130C5CBC919}
		{BE55AB2F-4878-4CC4-B4A3-EF81CE021A1E} = {8DFDB77E-757C-4019-8A1A-CBDD26D1E864}
		{E8285262-60D3-4857-9DD7-B89EDA12E9AB} = {8DFDB77E-757C-4019-8A1A-CBDD26D1E864}
		{A3289BD5-A2E8-4653-AF87-49C943535AD1} = {20F99427-10F6-434C-8473-253BE4F9B877}
		{72D98940-4A4D-4FE5-A97C-69FB2C0E5A5F} = {20F99427-10F6-434C-8473-253BE4F9B877}
		{92781019-3F2B-405F-AA59-96DA502372D6} = {20F99427-10F6-434C-8473-253BE4F9B877}
		{89369C0E-E0A4-40E4-9117-496B1E32C269} = {20F99427-10F6-434C-8473-253BE4F9B877}
		{ED74B822-DD2A-4A3D-B964-0082A19F8071} = {C52C6244-8826-4890-B920-1130C5CBC919}
		{696292EA-4039-4D26-9269-6DBA9618FD6D} = {C52C6244-8826-4890-B920-1130C5CBC919}
	EndGlobalSection
	GlobalSection(ExtensibilityGlobals) = postSolution
		SolutionGuid = {B6A885CD-2168-467F-995D-F3709DFAB475}
	EndGlobalSection
EndGlobal
